// !$*UTF8*$!
{
	archiveVersion = 1;
	classes = {
	};
	objectVersion = 46;
	objects = {

/* Begin PBXBuildFile section */
		044DB5E21A61579600F8664D /* WLProfileViewController.m in Sources */ = {isa = PBXBuildFile; fileRef = 044DB5E11A61579600F8664D /* WLProfileViewController.m */; };
		044DB5EC1A61593D00F8664D /* WLRegistrationViewController.m in Sources */ = {isa = PBXBuildFile; fileRef = 044DB5EB1A61593D00F8664D /* WLRegistrationViewController.m */; };
		044DB5F01A615A7D00F8664D /* WLTakeImageView.m in Sources */ = {isa = PBXBuildFile; fileRef = 044DB5EF1A615A7D00F8664D /* WLTakeImageView.m */; };
		044DB5F21A615A9400F8664D /* TakeImageView.xib in Resources */ = {isa = PBXBuildFile; fileRef = 044DB5F11A615A9400F8664D /* TakeImageView.xib */; };
		097E28661A6125C9002ADDEC /* main.m in Sources */ = {isa = PBXBuildFile; fileRef = 097E28651A6125C9002ADDEC /* main.m */; };
		097E28691A6125C9002ADDEC /* AppDelegate.m in Sources */ = {isa = PBXBuildFile; fileRef = 097E28681A6125C9002ADDEC /* AppDelegate.m */; };
		097E286C1A6125C9002ADDEC /* Wala.xcdatamodeld in Sources */ = {isa = PBXBuildFile; fileRef = 097E286A1A6125C9002ADDEC /* Wala.xcdatamodeld */; };
		097E28721A6125C9002ADDEC /* Main.storyboard in Resources */ = {isa = PBXBuildFile; fileRef = 097E28701A6125C9002ADDEC /* Main.storyboard */; };
		097E28741A6125C9002ADDEC /* Images.xcassets in Resources */ = {isa = PBXBuildFile; fileRef = 097E28731A6125C9002ADDEC /* Images.xcassets */; };
		097E28771A6125C9002ADDEC /* LaunchScreen.xib in Resources */ = {isa = PBXBuildFile; fileRef = 097E28751A6125C9002ADDEC /* LaunchScreen.xib */; };
		097E28831A6125CA002ADDEC /* WalaTests.m in Sources */ = {isa = PBXBuildFile; fileRef = 097E28821A6125CA002ADDEC /* WalaTests.m */; };
		09D31C411A617DAE00A1B1E6 /* AddressStructured.m in Sources */ = {isa = PBXBuildFile; fileRef = 09D31C3B1A617DAE00A1B1E6 /* AddressStructured.m */; };
		09D31C421A617DAE00A1B1E6 /* AuthCaptureRequest.m in Sources */ = {isa = PBXBuildFile; fileRef = 09D31C3D1A617DAE00A1B1E6 /* AuthCaptureRequest.m */; };
		09D31C431A617DAE00A1B1E6 /* Location.m in Sources */ = {isa = PBXBuildFile; fileRef = 09D31C401A617DAE00A1B1E6 /* Location.m */; };
		09D31C4E1A617DC100A1B1E6 /* FIObjectManager.m in Sources */ = {isa = PBXBuildFile; fileRef = 09D31C471A617DC100A1B1E6 /* FIObjectManager.m */; };
		09D31C4F1A617DC100A1B1E6 /* UIViewController+FIBaseViewController.m in Sources */ = {isa = PBXBuildFile; fileRef = 09D31C4A1A617DC100A1B1E6 /* UIViewController+FIBaseViewController.m */; };
		09D31C501A617DC100A1B1E6 /* GenericTableViewCell.m in Sources */ = {isa = PBXBuildFile; fileRef = 09D31C4D1A617DC100A1B1E6 /* GenericTableViewCell.m */; };
		09D31C661A61952800A1B1E6 /* KYCRequest.m in Sources */ = {isa = PBXBuildFile; fileRef = 09D31C651A61952800A1B1E6 /* KYCRequest.m */; };
		09D31C731A6195B300A1B1E6 /* AddressFreetext.m in Sources */ = {isa = PBXBuildFile; fileRef = 09D31C6A1A6195B300A1B1E6 /* AddressFreetext.m */; };
		09D31C741A6195B300A1B1E6 /* Demographics.m in Sources */ = {isa = PBXBuildFile; fileRef = 09D31C6C1A6195B300A1B1E6 /* Demographics.m */; };
		09D31C751A6195B300A1B1E6 /* DOB.m in Sources */ = {isa = PBXBuildFile; fileRef = 09D31C6F1A6195B300A1B1E6 /* DOB.m */; };
		09D31C761A6195B300A1B1E6 /* Name.m in Sources */ = {isa = PBXBuildFile; fileRef = 09D31C721A6195B300A1B1E6 /* Name.m */; };
		09D31C7A1A6199E600A1B1E6 /* FinalResponse.m in Sources */ = {isa = PBXBuildFile; fileRef = 09D31C791A6199E600A1B1E6 /* FinalResponse.m */; };
		09D31C7F1A61A04100A1B1E6 /* POI.m in Sources */ = {isa = PBXBuildFile; fileRef = 09D31C7E1A61A04100A1B1E6 /* POI.m */; };
		09D31C821A61A1A600A1B1E6 /* KYCResponse.m in Sources */ = {isa = PBXBuildFile; fileRef = 09D31C811A61A1A600A1B1E6 /* KYCResponse.m */; };
		09D31C871A61B7D100A1B1E6 /* OTPObjectManager.m in Sources */ = {isa = PBXBuildFile; fileRef = 09D31C861A61B7D100A1B1E6 /* OTPObjectManager.m */; };
		09D31C8B1A61BBD800A1B1E6 /* KYCObjectManager.m in Sources */ = {isa = PBXBuildFile; fileRef = 09D31C8A1A61BBD800A1B1E6 /* KYCObjectManager.m */; };
		09D31C8D1A61CDCD00A1B1E6 /* ErrorCodeMsg.plist in Resources */ = {isa = PBXBuildFile; fileRef = 09D31C8C1A61CDCD00A1B1E6 /* ErrorCodeMsg.plist */; };
		3E673291B67536B4E32B7CF1 /* libPods-Wala.a in Frameworks */ = {isa = PBXBuildFile; fileRef = C5C984387457D561BC07C4B4 /* libPods-Wala.a */; };
/* End PBXBuildFile section */

/* Begin PBXContainerItemProxy section */
		097E287D1A6125CA002ADDEC /* PBXContainerItemProxy */ = {
			isa = PBXContainerItemProxy;
			containerPortal = 097E28581A6125C9002ADDEC /* Project object */;
			proxyType = 1;
			remoteGlobalIDString = 097E285F1A6125C9002ADDEC;
			remoteInfo = Wala;
		};
/* End PBXContainerItemProxy section */

/* Begin PBXFileReference section */
		044DB5E01A61579600F8664D /* WLProfileViewController.h */ = {isa = PBXFileReference; fileEncoding = 4; lastKnownFileType = sourcecode.c.h; name = WLProfileViewController.h; path = ProfileView/WLProfileViewController.h; sourceTree = "<group>"; };
		044DB5E11A61579600F8664D /* WLProfileViewController.m */ = {isa = PBXFileReference; fileEncoding = 4; lastKnownFileType = sourcecode.c.objc; name = WLProfileViewController.m; path = ProfileView/WLProfileViewController.m; sourceTree = "<group>"; };
		044DB5EA1A61593D00F8664D /* WLRegistrationViewController.h */ = {isa = PBXFileReference; fileEncoding = 4; lastKnownFileType = sourcecode.c.h; name = WLRegistrationViewController.h; path = RegistrationView/WLRegistrationViewController.h; sourceTree = "<group>"; };
		044DB5EB1A61593D00F8664D /* WLRegistrationViewController.m */ = {isa = PBXFileReference; fileEncoding = 4; lastKnownFileType = sourcecode.c.objc; name = WLRegistrationViewController.m; path = RegistrationView/WLRegistrationViewController.m; sourceTree = "<group>"; };
		044DB5EE1A615A7D00F8664D /* WLTakeImageView.h */ = {isa = PBXFileReference; fileEncoding = 4; lastKnownFileType = sourcecode.c.h; name = WLTakeImageView.h; path = RegistrationView/TakeImageView/WLTakeImageView.h; sourceTree = "<group>"; };
		044DB5EF1A615A7D00F8664D /* WLTakeImageView.m */ = {isa = PBXFileReference; fileEncoding = 4; lastKnownFileType = sourcecode.c.objc; name = WLTakeImageView.m; path = RegistrationView/TakeImageView/WLTakeImageView.m; sourceTree = "<group>"; };
		044DB5F11A615A9400F8664D /* TakeImageView.xib */ = {isa = PBXFileReference; fileEncoding = 4; lastKnownFileType = file.xib; path = TakeImageView.xib; sourceTree = "<group>"; };
		0959D258FAFADC6D5E35ECD9 /* Pods-Wala.debug.xcconfig */ = {isa = PBXFileReference; includeInIndex = 1; lastKnownFileType = text.xcconfig; name = "Pods-Wala.debug.xcconfig"; path = "Pods/Target Support Files/Pods-Wala/Pods-Wala.debug.xcconfig"; sourceTree = "<group>"; };
		097E28601A6125C9002ADDEC /* Wala.app */ = {isa = PBXFileReference; explicitFileType = wrapper.application; includeInIndex = 0; path = Wala.app; sourceTree = BUILT_PRODUCTS_DIR; };
		097E28641A6125C9002ADDEC /* Info.plist */ = {isa = PBXFileReference; lastKnownFileType = text.plist.xml; path = Info.plist; sourceTree = "<group>"; };
		097E28651A6125C9002ADDEC /* main.m */ = {isa = PBXFileReference; lastKnownFileType = sourcecode.c.objc; path = main.m; sourceTree = "<group>"; };
		097E28671A6125C9002ADDEC /* AppDelegate.h */ = {isa = PBXFileReference; lastKnownFileType = sourcecode.c.h; path = AppDelegate.h; sourceTree = "<group>"; };
		097E28681A6125C9002ADDEC /* AppDelegate.m */ = {isa = PBXFileReference; lastKnownFileType = sourcecode.c.objc; path = AppDelegate.m; sourceTree = "<group>"; };
		097E286B1A6125C9002ADDEC /* Wala.xcdatamodel */ = {isa = PBXFileReference; lastKnownFileType = wrapper.xcdatamodel; path = Wala.xcdatamodel; sourceTree = "<group>"; };
		097E28711A6125C9002ADDEC /* Base */ = {isa = PBXFileReference; lastKnownFileType = file.storyboard; name = Base; path = Base.lproj/Main.storyboard; sourceTree = "<group>"; };
		097E28731A6125C9002ADDEC /* Images.xcassets */ = {isa = PBXFileReference; lastKnownFileType = folder.assetcatalog; path = Images.xcassets; sourceTree = "<group>"; };
		097E28761A6125C9002ADDEC /* Base */ = {isa = PBXFileReference; lastKnownFileType = file.xib; name = Base; path = Base.lproj/LaunchScreen.xib; sourceTree = "<group>"; };
		097E287C1A6125CA002ADDEC /* WalaTests.xctest */ = {isa = PBXFileReference; explicitFileType = wrapper.cfbundle; includeInIndex = 0; path = WalaTests.xctest; sourceTree = BUILT_PRODUCTS_DIR; };
		097E28811A6125CA002ADDEC /* Info.plist */ = {isa = PBXFileReference; lastKnownFileType = text.plist.xml; path = Info.plist; sourceTree = "<group>"; };
		097E28821A6125CA002ADDEC /* WalaTests.m */ = {isa = PBXFileReference; lastKnownFileType = sourcecode.c.objc; path = WalaTests.m; sourceTree = "<group>"; };
		09D31C3A1A617DAE00A1B1E6 /* AddressStructured.h */ = {isa = PBXFileReference; fileEncoding = 4; lastKnownFileType = sourcecode.c.h; path = AddressStructured.h; sourceTree = "<group>"; };
		09D31C3B1A617DAE00A1B1E6 /* AddressStructured.m */ = {isa = PBXFileReference; fileEncoding = 4; lastKnownFileType = sourcecode.c.objc; path = AddressStructured.m; sourceTree = "<group>"; };
		09D31C3C1A617DAE00A1B1E6 /* AuthCaptureRequest.h */ = {isa = PBXFileReference; fileEncoding = 4; lastKnownFileType = sourcecode.c.h; path = AuthCaptureRequest.h; sourceTree = "<group>"; };
		09D31C3D1A617DAE00A1B1E6 /* AuthCaptureRequest.m */ = {isa = PBXFileReference; fileEncoding = 4; lastKnownFileType = sourcecode.c.objc; path = AuthCaptureRequest.m; sourceTree = "<group>"; };
		09D31C3F1A617DAE00A1B1E6 /* Location.h */ = {isa = PBXFileReference; fileEncoding = 4; lastKnownFileType = sourcecode.c.h; path = Location.h; sourceTree = "<group>"; };
		09D31C401A617DAE00A1B1E6 /* Location.m */ = {isa = PBXFileReference; fileEncoding = 4; lastKnownFileType = sourcecode.c.objc; path = Location.m; sourceTree = "<group>"; };
		09D31C461A617DC100A1B1E6 /* FIObjectManager.h */ = {isa = PBXFileReference; fileEncoding = 4; lastKnownFileType = sourcecode.c.h; path = FIObjectManager.h; sourceTree = "<group>"; };
		09D31C471A617DC100A1B1E6 /* FIObjectManager.m */ = {isa = PBXFileReference; fileEncoding = 4; lastKnownFileType = sourcecode.c.objc; path = FIObjectManager.m; sourceTree = "<group>"; };
		09D31C491A617DC100A1B1E6 /* UIViewController+FIBaseViewController.h */ = {isa = PBXFileReference; fileEncoding = 4; lastKnownFileType = sourcecode.c.h; path = "UIViewController+FIBaseViewController.h"; sourceTree = "<group>"; };
		09D31C4A1A617DC100A1B1E6 /* UIViewController+FIBaseViewController.m */ = {isa = PBXFileReference; fileEncoding = 4; lastKnownFileType = sourcecode.c.objc; path = "UIViewController+FIBaseViewController.m"; sourceTree = "<group>"; };
		09D31C4C1A617DC100A1B1E6 /* GenericTableViewCell.h */ = {isa = PBXFileReference; fileEncoding = 4; lastKnownFileType = sourcecode.c.h; path = GenericTableViewCell.h; sourceTree = "<group>"; };
		09D31C4D1A617DC100A1B1E6 /* GenericTableViewCell.m */ = {isa = PBXFileReference; fileEncoding = 4; lastKnownFileType = sourcecode.c.objc; path = GenericTableViewCell.m; sourceTree = "<group>"; };
		09D31C511A617DF700A1B1E6 /* Constant.h */ = {isa = PBXFileReference; lastKnownFileType = sourcecode.c.h; path = Constant.h; sourceTree = "<group>"; };
		09D31C521A617DF700A1B1E6 /* Wala-Prefix.pch */ = {isa = PBXFileReference; lastKnownFileType = sourcecode.c.h; path = "Wala-Prefix.pch"; sourceTree = "<group>"; };
		09D31C641A61952800A1B1E6 /* KYCRequest.h */ = {isa = PBXFileReference; fileEncoding = 4; lastKnownFileType = sourcecode.c.h; name = KYCRequest.h; path = KYCRequest/KYCRequest.h; sourceTree = "<group>"; };
		09D31C651A61952800A1B1E6 /* KYCRequest.m */ = {isa = PBXFileReference; fileEncoding = 4; lastKnownFileType = sourcecode.c.objc; name = KYCRequest.m; path = KYCRequest/KYCRequest.m; sourceTree = "<group>"; };
		09D31C691A6195B300A1B1E6 /* AddressFreetext.h */ = {isa = PBXFileReference; fileEncoding = 4; lastKnownFileType = sourcecode.c.h; path = AddressFreetext.h; sourceTree = "<group>"; };
		09D31C6A1A6195B300A1B1E6 /* AddressFreetext.m */ = {isa = PBXFileReference; fileEncoding = 4; lastKnownFileType = sourcecode.c.objc; path = AddressFreetext.m; sourceTree = "<group>"; };
		09D31C6B1A6195B300A1B1E6 /* Demographics.h */ = {isa = PBXFileReference; fileEncoding = 4; lastKnownFileType = sourcecode.c.h; path = Demographics.h; sourceTree = "<group>"; };
		09D31C6C1A6195B300A1B1E6 /* Demographics.m */ = {isa = PBXFileReference; fileEncoding = 4; lastKnownFileType = sourcecode.c.objc; path = Demographics.m; sourceTree = "<group>"; };
		09D31C6E1A6195B300A1B1E6 /* DOB.h */ = {isa = PBXFileReference; fileEncoding = 4; lastKnownFileType = sourcecode.c.h; path = DOB.h; sourceTree = "<group>"; };
		09D31C6F1A6195B300A1B1E6 /* DOB.m */ = {isa = PBXFileReference; fileEncoding = 4; lastKnownFileType = sourcecode.c.objc; path = DOB.m; sourceTree = "<group>"; };
		09D31C711A6195B300A1B1E6 /* Name.h */ = {isa = PBXFileReference; fileEncoding = 4; lastKnownFileType = sourcecode.c.h; path = Name.h; sourceTree = "<group>"; };
		09D31C721A6195B300A1B1E6 /* Name.m */ = {isa = PBXFileReference; fileEncoding = 4; lastKnownFileType = sourcecode.c.objc; path = Name.m; sourceTree = "<group>"; };
		09D31C781A6199E600A1B1E6 /* FinalResponse.h */ = {isa = PBXFileReference; fileEncoding = 4; lastKnownFileType = sourcecode.c.h; name = FinalResponse.h; path = AuthResponse/FinalResponse.h; sourceTree = "<group>"; };
		09D31C791A6199E600A1B1E6 /* FinalResponse.m */ = {isa = PBXFileReference; fileEncoding = 4; lastKnownFileType = sourcecode.c.objc; name = FinalResponse.m; path = AuthResponse/FinalResponse.m; sourceTree = "<group>"; };
		09D31C7D1A61A04100A1B1E6 /* POI.h */ = {isa = PBXFileReference; fileEncoding = 4; lastKnownFileType = sourcecode.c.h; name = POI.h; path = KYC/POI/POI.h; sourceTree = "<group>"; };
		09D31C7E1A61A04100A1B1E6 /* POI.m */ = {isa = PBXFileReference; fileEncoding = 4; lastKnownFileType = sourcecode.c.objc; name = POI.m; path = KYC/POI/POI.m; sourceTree = "<group>"; };
		09D31C801A61A1A600A1B1E6 /* KYCResponse.h */ = {isa = PBXFileReference; fileEncoding = 4; lastKnownFileType = sourcecode.c.h; name = KYCResponse.h; path = KYC/KYCResponse.h; sourceTree = "<group>"; };
		09D31C811A61A1A600A1B1E6 /* KYCResponse.m */ = {isa = PBXFileReference; fileEncoding = 4; lastKnownFileType = sourcecode.c.objc; name = KYCResponse.m; path = KYC/KYCResponse.m; sourceTree = "<group>"; };
		09D31C851A61B7D100A1B1E6 /* OTPObjectManager.h */ = {isa = PBXFileReference; fileEncoding = 4; lastKnownFileType = sourcecode.c.h; name = OTPObjectManager.h; path = RKObjectManager/OTPObjectManager/OTPObjectManager.h; sourceTree = "<group>"; };
		09D31C861A61B7D100A1B1E6 /* OTPObjectManager.m */ = {isa = PBXFileReference; fileEncoding = 4; lastKnownFileType = sourcecode.c.objc; name = OTPObjectManager.m; path = RKObjectManager/OTPObjectManager/OTPObjectManager.m; sourceTree = "<group>"; };
		09D31C891A61BBD800A1B1E6 /* KYCObjectManager.h */ = {isa = PBXFileReference; fileEncoding = 4; lastKnownFileType = sourcecode.c.h; name = KYCObjectManager.h; path = RKObjectManager/KYCObjectManager/KYCObjectManager.h; sourceTree = "<group>"; };
		09D31C8A1A61BBD800A1B1E6 /* KYCObjectManager.m */ = {isa = PBXFileReference; fileEncoding = 4; lastKnownFileType = sourcecode.c.objc; name = KYCObjectManager.m; path = RKObjectManager/KYCObjectManager/KYCObjectManager.m; sourceTree = "<group>"; };
		09D31C8C1A61CDCD00A1B1E6 /* ErrorCodeMsg.plist */ = {isa = PBXFileReference; fileEncoding = 4; lastKnownFileType = text.plist.xml; name = ErrorCodeMsg.plist; path = Wala/SupportingFiles/ErrorCodeMsg.plist; sourceTree = SOURCE_ROOT; };
		457A3F67C90D9FD5F6047550 /* Pods-Wala.release.xcconfig */ = {isa = PBXFileReference; includeInIndex = 1; lastKnownFileType = text.xcconfig; name = "Pods-Wala.release.xcconfig"; path = "Pods/Target Support Files/Pods-Wala/Pods-Wala.release.xcconfig"; sourceTree = "<group>"; };
		C5C984387457D561BC07C4B4 /* libPods-Wala.a */ = {isa = PBXFileReference; explicitFileType = archive.ar; includeInIndex = 0; path = "libPods-Wala.a"; sourceTree = BUILT_PRODUCTS_DIR; };
/* End PBXFileReference section */

/* Begin PBXFrameworksBuildPhase section */
		097E285D1A6125C9002ADDEC /* Frameworks */ = {
			isa = PBXFrameworksBuildPhase;
			buildActionMask = 2147483647;
			files = (
				3E673291B67536B4E32B7CF1 /* libPods-Wala.a in Frameworks */,
			);
			runOnlyForDeploymentPostprocessing = 0;
		};
		097E28791A6125CA002ADDEC /* Frameworks */ = {
			isa = PBXFrameworksBuildPhase;
			buildActionMask = 2147483647;
			files = (
			);
			runOnlyForDeploymentPostprocessing = 0;
		};
/* End PBXFrameworksBuildPhase section */

/* Begin PBXGroup section */
		044DB5DF1A6156AA00F8664D /* ProfileView */ = {
			isa = PBXGroup;
			children = (
				044DB5E01A61579600F8664D /* WLProfileViewController.h */,
				044DB5E11A61579600F8664D /* WLProfileViewController.m */,
			);
			name = ProfileView;
			sourceTree = "<group>";
		};
		044DB5E91A6158DB00F8664D /* RegistrationView */ = {
			isa = PBXGroup;
			children = (
				044DB5ED1A615A4000F8664D /* TakeImageView */,
				044DB5EA1A61593D00F8664D /* WLRegistrationViewController.h */,
				044DB5EB1A61593D00F8664D /* WLRegistrationViewController.m */,
			);
			name = RegistrationView;
			sourceTree = "<group>";
		};
		044DB5ED1A615A4000F8664D /* TakeImageView */ = {
			isa = PBXGroup;
			children = (
				044DB5EE1A615A7D00F8664D /* WLTakeImageView.h */,
				044DB5EF1A615A7D00F8664D /* WLTakeImageView.m */,
				044DB5F11A615A9400F8664D /* TakeImageView.xib */,
			);
			name = TakeImageView;
			sourceTree = "<group>";
		};
		097E28571A6125C9002ADDEC = {
			isa = PBXGroup;
			children = (
				097E28621A6125C9002ADDEC /* Wala */,
				097E287F1A6125CA002ADDEC /* WalaTests */,
				097E28611A6125C9002ADDEC /* Products */,
				DF7918B6B321BF8A8C41C445 /* Pods */,
				F407403D32D94688F6955525 /* Frameworks */,
			);
			sourceTree = "<group>";
		};
		097E28611A6125C9002ADDEC /* Products */ = {
			isa = PBXGroup;
			children = (
				097E28601A6125C9002ADDEC /* Wala.app */,
				097E287C1A6125CA002ADDEC /* WalaTests.xctest */,
			);
			name = Products;
			sourceTree = "<group>";
		};
		097E28621A6125C9002ADDEC /* Wala */ = {
			isa = PBXGroup;
			children = (
				09D31C831A61B72E00A1B1E6 /* RKObjectManager */,
				09D31C441A617DC100A1B1E6 /* GenericClass */,
				09D31C371A617DAE00A1B1E6 /* RKModel */,
				044DB5E91A6158DB00F8664D /* RegistrationView */,
				044DB5DF1A6156AA00F8664D /* ProfileView */,
				097E28671A6125C9002ADDEC /* AppDelegate.h */,
				097E28681A6125C9002ADDEC /* AppDelegate.m */,
				097E28701A6125C9002ADDEC /* Main.storyboard */,
				097E28731A6125C9002ADDEC /* Images.xcassets */,
				097E28751A6125C9002ADDEC /* LaunchScreen.xib */,
				097E286A1A6125C9002ADDEC /* Wala.xcdatamodeld */,
				097E28631A6125C9002ADDEC /* Supporting Files */,
			);
			path = Wala;
			sourceTree = "<group>";
		};
		097E28631A6125C9002ADDEC /* Supporting Files */ = {
			isa = PBXGroup;
			children = (
				09D31C8C1A61CDCD00A1B1E6 /* ErrorCodeMsg.plist */,
				09D31C511A617DF700A1B1E6 /* Constant.h */,
				09D31C521A617DF700A1B1E6 /* Wala-Prefix.pch */,
				097E28641A6125C9002ADDEC /* Info.plist */,
				097E28651A6125C9002ADDEC /* main.m */,
			);
			name = "Supporting Files";
			sourceTree = "<group>";
		};
		097E287F1A6125CA002ADDEC /* WalaTests */ = {
			isa = PBXGroup;
			children = (
				097E28821A6125CA002ADDEC /* WalaTests.m */,
				097E28801A6125CA002ADDEC /* Supporting Files */,
			);
			path = WalaTests;
			sourceTree = "<group>";
		};
		097E28801A6125CA002ADDEC /* Supporting Files */ = {
			isa = PBXGroup;
			children = (
				097E28811A6125CA002ADDEC /* Info.plist */,
			);
			name = "Supporting Files";
			sourceTree = "<group>";
		};
		09D31C371A617DAE00A1B1E6 /* RKModel */ = {
			isa = PBXGroup;
			children = (
				09D31C7B1A61A01500A1B1E6 /* KYCResponse */,
				09D31C771A6199A200A1B1E6 /* FinalResponse */,
				09D31C631A61950800A1B1E6 /* KYCRequest */,
				09D31C381A617DAE00A1B1E6 /* AuthCaptureRequest */,
				09D31C3E1A617DAE00A1B1E6 /* Location */,
			);
			path = RKModel;
			sourceTree = "<group>";
		};
		09D31C381A617DAE00A1B1E6 /* AuthCaptureRequest */ = {
			isa = PBXGroup;
			children = (
				09D31C671A6195B300A1B1E6 /* Demographics */,
				09D31C391A617DAE00A1B1E6 /* AddressStructured */,
				09D31C3C1A617DAE00A1B1E6 /* AuthCaptureRequest.h */,
				09D31C3D1A617DAE00A1B1E6 /* AuthCaptureRequest.m */,
			);
			path = AuthCaptureRequest;
			sourceTree = "<group>";
		};
		09D31C391A617DAE00A1B1E6 /* AddressStructured */ = {
			isa = PBXGroup;
			children = (
				09D31C3A1A617DAE00A1B1E6 /* AddressStructured.h */,
				09D31C3B1A617DAE00A1B1E6 /* AddressStructured.m */,
			);
			path = AddressStructured;
			sourceTree = "<group>";
		};
		09D31C3E1A617DAE00A1B1E6 /* Location */ = {
			isa = PBXGroup;
			children = (
				09D31C3F1A617DAE00A1B1E6 /* Location.h */,
				09D31C401A617DAE00A1B1E6 /* Location.m */,
			);
			path = Location;
			sourceTree = "<group>";
		};
		09D31C441A617DC100A1B1E6 /* GenericClass */ = {
			isa = PBXGroup;
			children = (
				09D31C451A617DC100A1B1E6 /* BaseObjectManager */,
				09D31C481A617DC100A1B1E6 /* FIBaseViewController */,
				09D31C4B1A617DC100A1B1E6 /* GenericTableViewCell */,
			);
			path = GenericClass;
			sourceTree = "<group>";
		};
		09D31C451A617DC100A1B1E6 /* BaseObjectManager */ = {
			isa = PBXGroup;
			children = (
				09D31C461A617DC100A1B1E6 /* FIObjectManager.h */,
				09D31C471A617DC100A1B1E6 /* FIObjectManager.m */,
			);
			name = BaseObjectManager;
			path = BaseWebService;
			sourceTree = "<group>";
		};
		09D31C481A617DC100A1B1E6 /* FIBaseViewController */ = {
			isa = PBXGroup;
			children = (
				09D31C491A617DC100A1B1E6 /* UIViewController+FIBaseViewController.h */,
				09D31C4A1A617DC100A1B1E6 /* UIViewController+FIBaseViewController.m */,
			);
			path = FIBaseViewController;
			sourceTree = "<group>";
		};
		09D31C4B1A617DC100A1B1E6 /* GenericTableViewCell */ = {
			isa = PBXGroup;
			children = (
				09D31C4C1A617DC100A1B1E6 /* GenericTableViewCell.h */,
				09D31C4D1A617DC100A1B1E6 /* GenericTableViewCell.m */,
			);
			path = GenericTableViewCell;
			sourceTree = "<group>";
		};
		09D31C631A61950800A1B1E6 /* KYCRequest */ = {
			isa = PBXGroup;
			children = (
				09D31C641A61952800A1B1E6 /* KYCRequest.h */,
				09D31C651A61952800A1B1E6 /* KYCRequest.m */,
			);
			name = KYCRequest;
			sourceTree = "<group>";
		};
		09D31C671A6195B300A1B1E6 /* Demographics */ = {
			isa = PBXGroup;
			children = (
				09D31C681A6195B300A1B1E6 /* AddressFreetext */,
				09D31C6B1A6195B300A1B1E6 /* Demographics.h */,
				09D31C6C1A6195B300A1B1E6 /* Demographics.m */,
				09D31C6D1A6195B300A1B1E6 /* DOB */,
				09D31C701A6195B300A1B1E6 /* Name */,
			);
			path = Demographics;
			sourceTree = "<group>";
		};
		09D31C681A6195B300A1B1E6 /* AddressFreetext */ = {
			isa = PBXGroup;
			children = (
				09D31C691A6195B300A1B1E6 /* AddressFreetext.h */,
				09D31C6A1A6195B300A1B1E6 /* AddressFreetext.m */,
			);
			path = AddressFreetext;
			sourceTree = "<group>";
		};
		09D31C6D1A6195B300A1B1E6 /* DOB */ = {
			isa = PBXGroup;
			children = (
				09D31C6E1A6195B300A1B1E6 /* DOB.h */,
				09D31C6F1A6195B300A1B1E6 /* DOB.m */,
			);
			path = DOB;
			sourceTree = "<group>";
		};
		09D31C701A6195B300A1B1E6 /* Name */ = {
			isa = PBXGroup;
			children = (
				09D31C711A6195B300A1B1E6 /* Name.h */,
				09D31C721A6195B300A1B1E6 /* Name.m */,
			);
			path = Name;
			sourceTree = "<group>";
		};
		09D31C771A6199A200A1B1E6 /* FinalResponse */ = {
			isa = PBXGroup;
			children = (
				09D31C781A6199E600A1B1E6 /* FinalResponse.h */,
				09D31C791A6199E600A1B1E6 /* FinalResponse.m */,
			);
			name = FinalResponse;
			sourceTree = "<group>";
		};
		09D31C7B1A61A01500A1B1E6 /* KYCResponse */ = {
			isa = PBXGroup;
			children = (
				09D31C7C1A61A01D00A1B1E6 /* POI */,
				09D31C801A61A1A600A1B1E6 /* KYCResponse.h */,
				09D31C811A61A1A600A1B1E6 /* KYCResponse.m */,
			);
			name = KYCResponse;
			sourceTree = "<group>";
		};
		09D31C7C1A61A01D00A1B1E6 /* POI */ = {
			isa = PBXGroup;
			children = (
				09D31C7D1A61A04100A1B1E6 /* POI.h */,
				09D31C7E1A61A04100A1B1E6 /* POI.m */,
			);
			name = POI;
			sourceTree = "<group>";
		};
		09D31C831A61B72E00A1B1E6 /* RKObjectManager */ = {
			isa = PBXGroup;
			children = (
				09D31C881A61BBBD00A1B1E6 /* KYCObjectManager */,
				09D31C841A61B73D00A1B1E6 /* OTPObjectManager */,
			);
			name = RKObjectManager;
			sourceTree = "<group>";
		};
		09D31C841A61B73D00A1B1E6 /* OTPObjectManager */ = {
			isa = PBXGroup;
			children = (
				09D31C851A61B7D100A1B1E6 /* OTPObjectManager.h */,
				09D31C861A61B7D100A1B1E6 /* OTPObjectManager.m */,
			);
			name = OTPObjectManager;
			sourceTree = "<group>";
		};
		09D31C881A61BBBD00A1B1E6 /* KYCObjectManager */ = {
			isa = PBXGroup;
			children = (
				09D31C891A61BBD800A1B1E6 /* KYCObjectManager.h */,
				09D31C8A1A61BBD800A1B1E6 /* KYCObjectManager.m */,
			);
			name = KYCObjectManager;
			sourceTree = "<group>";
		};
		DF7918B6B321BF8A8C41C445 /* Pods */ = {
			isa = PBXGroup;
			children = (
				0959D258FAFADC6D5E35ECD9 /* Pods-Wala.debug.xcconfig */,
				457A3F67C90D9FD5F6047550 /* Pods-Wala.release.xcconfig */,
			);
			name = Pods;
			sourceTree = "<group>";
		};
		F407403D32D94688F6955525 /* Frameworks */ = {
			isa = PBXGroup;
			children = (
				C5C984387457D561BC07C4B4 /* libPods-Wala.a */,
			);
			name = Frameworks;
			sourceTree = "<group>";
		};
/* End PBXGroup section */

/* Begin PBXNativeTarget section */
		097E285F1A6125C9002ADDEC /* Wala */ = {
			isa = PBXNativeTarget;
			buildConfigurationList = 097E28861A6125CA002ADDEC /* Build configuration list for PBXNativeTarget "Wala" */;
			buildPhases = (
				530007B9F816777D41AEF8D6 /* Check Pods Manifest.lock */,
				097E285C1A6125C9002ADDEC /* Sources */,
				097E285D1A6125C9002ADDEC /* Frameworks */,
				097E285E1A6125C9002ADDEC /* Resources */,
				3863093A12338925A82C512D /* Copy Pods Resources */,
			);
			buildRules = (
			);
			dependencies = (
			);
			name = Wala;
			productName = Wala;
			productReference = 097E28601A6125C9002ADDEC /* Wala.app */;
			productType = "com.apple.product-type.application";
		};
		097E287B1A6125CA002ADDEC /* WalaTests */ = {
			isa = PBXNativeTarget;
			buildConfigurationList = 097E28891A6125CA002ADDEC /* Build configuration list for PBXNativeTarget "WalaTests" */;
			buildPhases = (
				097E28781A6125CA002ADDEC /* Sources */,
				097E28791A6125CA002ADDEC /* Frameworks */,
				097E287A1A6125CA002ADDEC /* Resources */,
			);
			buildRules = (
			);
			dependencies = (
				097E287E1A6125CA002ADDEC /* PBXTargetDependency */,
			);
			name = WalaTests;
			productName = WalaTests;
			productReference = 097E287C1A6125CA002ADDEC /* WalaTests.xctest */;
			productType = "com.apple.product-type.bundle.unit-test";
		};
/* End PBXNativeTarget section */

/* Begin PBXProject section */
		097E28581A6125C9002ADDEC /* Project object */ = {
			isa = PBXProject;
			attributes = {
				LastUpgradeCheck = 0610;
				ORGANIZATIONNAME = "Amit kumar Swami";
				TargetAttributes = {
					097E285F1A6125C9002ADDEC = {
						CreatedOnToolsVersion = 6.1.1;
					};
					097E287B1A6125CA002ADDEC = {
						CreatedOnToolsVersion = 6.1.1;
						TestTargetID = 097E285F1A6125C9002ADDEC;
					};
				};
			};
			buildConfigurationList = 097E285B1A6125C9002ADDEC /* Build configuration list for PBXProject "Wala" */;
			compatibilityVersion = "Xcode 3.2";
			developmentRegion = English;
			hasScannedForEncodings = 0;
			knownRegions = (
				en,
				Base,
			);
			mainGroup = 097E28571A6125C9002ADDEC;
			productRefGroup = 097E28611A6125C9002ADDEC /* Products */;
			projectDirPath = "";
			projectRoot = "";
			targets = (
				097E285F1A6125C9002ADDEC /* Wala */,
				097E287B1A6125CA002ADDEC /* WalaTests */,
			);
		};
/* End PBXProject section */

/* Begin PBXResourcesBuildPhase section */
		097E285E1A6125C9002ADDEC /* Resources */ = {
			isa = PBXResourcesBuildPhase;
			buildActionMask = 2147483647;
			files = (
				09D31C8D1A61CDCD00A1B1E6 /* ErrorCodeMsg.plist in Resources */,
				097E28721A6125C9002ADDEC /* Main.storyboard in Resources */,
				044DB5F21A615A9400F8664D /* TakeImageView.xib in Resources */,
				097E28771A6125C9002ADDEC /* LaunchScreen.xib in Resources */,
				097E28741A6125C9002ADDEC /* Images.xcassets in Resources */,
			);
			runOnlyForDeploymentPostprocessing = 0;
		};
		097E287A1A6125CA002ADDEC /* Resources */ = {
			isa = PBXResourcesBuildPhase;
			buildActionMask = 2147483647;
			files = (
			);
			runOnlyForDeploymentPostprocessing = 0;
		};
/* End PBXResourcesBuildPhase section */

/* Begin PBXShellScriptBuildPhase section */
		3863093A12338925A82C512D /* Copy Pods Resources */ = {
			isa = PBXShellScriptBuildPhase;
			buildActionMask = 2147483647;
			files = (
			);
			inputPaths = (
			);
			name = "Copy Pods Resources";
			outputPaths = (
			);
			runOnlyForDeploymentPostprocessing = 0;
			shellPath = /bin/sh;
			shellScript = "\"${SRCROOT}/Pods/Target Support Files/Pods-Wala/Pods-Wala-resources.sh\"\n";
			showEnvVarsInLog = 0;
		};
		530007B9F816777D41AEF8D6 /* Check Pods Manifest.lock */ = {
			isa = PBXShellScriptBuildPhase;
			buildActionMask = 2147483647;
			files = (
			);
			inputPaths = (
			);
			name = "Check Pods Manifest.lock";
			outputPaths = (
			);
			runOnlyForDeploymentPostprocessing = 0;
			shellPath = /bin/sh;
			shellScript = "diff \"${PODS_ROOT}/../Podfile.lock\" \"${PODS_ROOT}/Manifest.lock\" > /dev/null\nif [[ $? != 0 ]] ; then\n    cat << EOM\nerror: The sandbox is not in sync with the Podfile.lock. Run 'pod install' or update your CocoaPods installation.\nEOM\n    exit 1\nfi\n";
			showEnvVarsInLog = 0;
		};
/* End PBXShellScriptBuildPhase section */

/* Begin PBXSourcesBuildPhase section */
		097E285C1A6125C9002ADDEC /* Sources */ = {
			isa = PBXSourcesBuildPhase;
			buildActionMask = 2147483647;
			files = (
				097E286C1A6125C9002ADDEC /* Wala.xcdatamodeld in Sources */,
				09D31C501A617DC100A1B1E6 /* GenericTableViewCell.m in Sources */,
				09D31C741A6195B300A1B1E6 /* Demographics.m in Sources */,
				097E28691A6125C9002ADDEC /* AppDelegate.m in Sources */,
				09D31C411A617DAE00A1B1E6 /* AddressStructured.m in Sources */,
				09D31C751A6195B300A1B1E6 /* DOB.m in Sources */,
				09D31C8B1A61BBD800A1B1E6 /* KYCObjectManager.m in Sources */,
				09D31C661A61952800A1B1E6 /* KYCRequest.m in Sources */,
				09D31C4E1A617DC100A1B1E6 /* FIObjectManager.m in Sources */,
				09D31C7F1A61A04100A1B1E6 /* POI.m in Sources */,
				09D31C761A6195B300A1B1E6 /* Name.m in Sources */,
				09D31C821A61A1A600A1B1E6 /* KYCResponse.m in Sources */,
				044DB5F01A615A7D00F8664D /* WLTakeImageView.m in Sources */,
				09D31C431A617DAE00A1B1E6 /* Location.m in Sources */,
				09D31C4F1A617DC100A1B1E6 /* UIViewController+FIBaseViewController.m in Sources */,
				09D31C7A1A6199E600A1B1E6 /* FinalResponse.m in Sources */,
				044DB5EC1A61593D00F8664D /* WLRegistrationViewController.m in Sources */,
				09D31C871A61B7D100A1B1E6 /* OTPObjectManager.m in Sources */,
				097E28661A6125C9002ADDEC /* main.m in Sources */,
				09D31C731A6195B300A1B1E6 /* AddressFreetext.m in Sources */,
				09D31C421A617DAE00A1B1E6 /* AuthCaptureRequest.m in Sources */,
				044DB5E21A61579600F8664D /* WLProfileViewController.m in Sources */,
			);
			runOnlyForDeploymentPostprocessing = 0;
		};
		097E28781A6125CA002ADDEC /* Sources */ = {
			isa = PBXSourcesBuildPhase;
			buildActionMask = 2147483647;
			files = (
				097E28831A6125CA002ADDEC /* WalaTests.m in Sources */,
			);
			runOnlyForDeploymentPostprocessing = 0;
		};
/* End PBXSourcesBuildPhase section */

/* Begin PBXTargetDependency section */
		097E287E1A6125CA002ADDEC /* PBXTargetDependency */ = {
			isa = PBXTargetDependency;
			target = 097E285F1A6125C9002ADDEC /* Wala */;
			targetProxy = 097E287D1A6125CA002ADDEC /* PBXContainerItemProxy */;
		};
/* End PBXTargetDependency section */

/* Begin PBXVariantGroup section */
		097E28701A6125C9002ADDEC /* Main.storyboard */ = {
			isa = PBXVariantGroup;
			children = (
				097E28711A6125C9002ADDEC /* Base */,
			);
			name = Main.storyboard;
			sourceTree = "<group>";
		};
		097E28751A6125C9002ADDEC /* LaunchScreen.xib */ = {
			isa = PBXVariantGroup;
			children = (
				097E28761A6125C9002ADDEC /* Base */,
			);
			name = LaunchScreen.xib;
			sourceTree = "<group>";
		};
/* End PBXVariantGroup section */

/* Begin XCBuildConfiguration section */
		097E28841A6125CA002ADDEC /* Debug */ = {
			isa = XCBuildConfiguration;
			buildSettings = {
				ALWAYS_SEARCH_USER_PATHS = NO;
				CLANG_CXX_LANGUAGE_STANDARD = "gnu++0x";
				CLANG_CXX_LIBRARY = "libc++";
				CLANG_ENABLE_MODULES = YES;
				CLANG_ENABLE_OBJC_ARC = YES;
				CLANG_WARN_BOOL_CONVERSION = YES;
				CLANG_WARN_CONSTANT_CONVERSION = YES;
				CLANG_WARN_DIRECT_OBJC_ISA_USAGE = YES_ERROR;
				CLANG_WARN_EMPTY_BODY = YES;
				CLANG_WARN_ENUM_CONVERSION = YES;
				CLANG_WARN_INT_CONVERSION = YES;
				CLANG_WARN_OBJC_ROOT_CLASS = YES_ERROR;
				CLANG_WARN_UNREACHABLE_CODE = YES;
				CLANG_WARN__DUPLICATE_METHOD_MATCH = YES;
				"CODE_SIGN_IDENTITY[sdk=iphoneos*]" = "iPhone Developer";
				COPY_PHASE_STRIP = NO;
				ENABLE_STRICT_OBJC_MSGSEND = YES;
				GCC_C_LANGUAGE_STANDARD = gnu99;
				GCC_DYNAMIC_NO_PIC = NO;
				GCC_OPTIMIZATION_LEVEL = 0;
				GCC_PREPROCESSOR_DEFINITIONS = (
					"DEBUG=1",
					"$(inherited)",
				);
				GCC_SYMBOLS_PRIVATE_EXTERN = NO;
				GCC_WARN_64_TO_32_BIT_CONVERSION = YES;
				GCC_WARN_ABOUT_RETURN_TYPE = YES_ERROR;
				GCC_WARN_UNDECLARED_SELECTOR = YES;
				GCC_WARN_UNINITIALIZED_AUTOS = YES_AGGRESSIVE;
				GCC_WARN_UNUSED_FUNCTION = YES;
				GCC_WARN_UNUSED_VARIABLE = YES;
				IPHONEOS_DEPLOYMENT_TARGET = 8.1;
				MTL_ENABLE_DEBUG_INFO = YES;
				ONLY_ACTIVE_ARCH = YES;
				SDKROOT = iphoneos;
				TARGETED_DEVICE_FAMILY = "1,2";
			};
			name = Debug;
		};
		097E28851A6125CA002ADDEC /* Release */ = {
			isa = XCBuildConfiguration;
			buildSettings = {
				ALWAYS_SEARCH_USER_PATHS = NO;
				CLANG_CXX_LANGUAGE_STANDARD = "gnu++0x";
				CLANG_CXX_LIBRARY = "libc++";
				CLANG_ENABLE_MODULES = YES;
				CLANG_ENABLE_OBJC_ARC = YES;
				CLANG_WARN_BOOL_CONVERSION = YES;
				CLANG_WARN_CONSTANT_CONVERSION = YES;
				CLANG_WARN_DIRECT_OBJC_ISA_USAGE = YES_ERROR;
				CLANG_WARN_EMPTY_BODY = YES;
				CLANG_WARN_ENUM_CONVERSION = YES;
				CLANG_WARN_INT_CONVERSION = YES;
				CLANG_WARN_OBJC_ROOT_CLASS = YES_ERROR;
				CLANG_WARN_UNREACHABLE_CODE = YES;
				CLANG_WARN__DUPLICATE_METHOD_MATCH = YES;
				"CODE_SIGN_IDENTITY[sdk=iphoneos*]" = "iPhone Developer";
				COPY_PHASE_STRIP = YES;
				ENABLE_NS_ASSERTIONS = NO;
				ENABLE_STRICT_OBJC_MSGSEND = YES;
				GCC_C_LANGUAGE_STANDARD = gnu99;
				GCC_WARN_64_TO_32_BIT_CONVERSION = YES;
				GCC_WARN_ABOUT_RETURN_TYPE = YES_ERROR;
				GCC_WARN_UNDECLARED_SELECTOR = YES;
				GCC_WARN_UNINITIALIZED_AUTOS = YES_AGGRESSIVE;
				GCC_WARN_UNUSED_FUNCTION = YES;
				GCC_WARN_UNUSED_VARIABLE = YES;
				IPHONEOS_DEPLOYMENT_TARGET = 8.1;
				MTL_ENABLE_DEBUG_INFO = NO;
				SDKROOT = iphoneos;
				TARGETED_DEVICE_FAMILY = "1,2";
				VALIDATE_PRODUCT = YES;
			};
			name = Release;
		};
		097E28871A6125CA002ADDEC /* Debug */ = {
			isa = XCBuildConfiguration;
			baseConfigurationReference = 0959D258FAFADC6D5E35ECD9 /* Pods-Wala.debug.xcconfig */;
			buildSettings = {
				ASSETCATALOG_COMPILER_APPICON_NAME = AppIcon;
				GCC_PRECOMPILE_PREFIX_HEADER = YES;
				GCC_PREFIX_HEADER = "Wala/Wala-Prefix.pch";
				INFOPLIST_FILE = Wala/Info.plist;
				LD_RUNPATH_SEARCH_PATHS = "$(inherited) @executable_path/Frameworks";
				PRODUCT_NAME = "$(TARGET_NAME)";
			};
			name = Debug;
		};
		097E28881A6125CA002ADDEC /* Release */ = {
			isa = XCBuildConfiguration;
			baseConfigurationReference = 457A3F67C90D9FD5F6047550 /* Pods-Wala.release.xcconfig */;
			buildSettings = {
				ASSETCATALOG_COMPILER_APPICON_NAME = AppIcon;
				GCC_PRECOMPILE_PREFIX_HEADER = YES;
				GCC_PREFIX_HEADER = "Wala/Wala-Prefix.pch";
				INFOPLIST_FILE = Wala/Info.plist;
				LD_RUNPATH_SEARCH_PATHS = "$(inherited) @executable_path/Frameworks";
				PRODUCT_NAME = "$(TARGET_NAME)";
			};
			name = Release;
		};
		097E288A1A6125CA002ADDEC /* Debug */ = {
			isa = XCBuildConfiguration;
			buildSettings = {
				BUNDLE_LOADER = "$(TEST_HOST)";
				FRAMEWORK_SEARCH_PATHS = (
					"$(SDKROOT)/Developer/Library/Frameworks",
					"$(inherited)",
				);
				GCC_PREPROCESSOR_DEFINITIONS = (
					"DEBUG=1",
					"$(inherited)",
				);
				INFOPLIST_FILE = WalaTests/Info.plist;
				LD_RUNPATH_SEARCH_PATHS = "$(inherited) @executable_path/Frameworks @loader_path/Frameworks";
				PRODUCT_NAME = "$(TARGET_NAME)";
				TEST_HOST = "$(BUILT_PRODUCTS_DIR)/Wala.app/Wala";
			};
			name = Debug;
		};
		097E288B1A6125CA002ADDEC /* Release */ = {
			isa = XCBuildConfiguration;
			buildSettings = {
				BUNDLE_LOADER = "$(TEST_HOST)";
				FRAMEWORK_SEARCH_PATHS = (
					"$(SDKROOT)/Developer/Library/Frameworks",
					"$(inherited)",
				);
				INFOPLIST_FILE = WalaTests/Info.plist;
				LD_RUNPATH_SEARCH_PATHS = "$(inherited) @executable_path/Frameworks @loader_path/Frameworks";
				PRODUCT_NAME = "$(TARGET_NAME)";
				TEST_HOST = "$(BUILT_PRODUCTS_DIR)/Wala.app/Wala";
			};
			name = Release;
		};
/* End XCBuildConfiguration section */

/* Begin XCConfigurationList section */
		097E285B1A6125C9002ADDEC /* Build configuration list for PBXProject "Wala" */ = {
			isa = XCConfigurationList;
			buildConfigurations = (
				097E28841A6125CA002ADDEC /* Debug */,
				097E28851A6125CA002ADDEC /* Release */,
			);
			defaultConfigurationIsVisible = 0;
			defaultConfigurationName = Release;
		};
		097E28861A6125CA002ADDEC /* Build configuration list for PBXNativeTarget "Wala" */ = {
			isa = XCConfigurationList;
			buildConfigurations = (
				097E28871A6125CA002ADDEC /* Debug */,
				097E28881A6125CA002ADDEC /* Release */,
			);
			defaultConfigurationIsVisible = 0;
			defaultConfigurationName = Release;
		};
		097E28891A6125CA002ADDEC /* Build configuration list for PBXNativeTarget "WalaTests" */ = {
			isa = XCConfigurationList;
			buildConfigurations = (
				097E288A1A6125CA002ADDEC /* Debug */,
				097E288B1A6125CA002ADDEC /* Release */,
			);
			defaultConfigurationIsVisible = 0;
			defaultConfigurationName = Release;
		};
/* End XCConfigurationList section */

/* Begin XCVersionGroup section */
		097E286A1A6125C9002ADDEC /* Wala.xcdatamodeld */ = {
			isa = XCVersionGroup;
			children = (
				097E286B1A6125C9002ADDEC /* Wala.xcdatamodel */,
			);
			currentVersion = 097E286B1A6125C9002ADDEC /* Wala.xcdatamodel */;
			path = Wala.xcdatamodeld;
			sourceTree = "<group>";
			versionGroupType = wrapper.xcdatamodel;
		};
/* End XCVersionGroup section */
	};
	rootObject = 097E28581A6125C9002ADDEC /* Project object */;
}
